# THIS IS AN AUTOGENERATED FILE. DO NOT EDIT THIS FILE DIRECTLY.
# yarn lockfile v1


"@clayui/css@3.94.0":
  version "3.94.0"
  resolved "https://registry.yarnpkg.com/@clayui/css/-/css-3.94.0.tgz#dec6cee56b3789fde44d8a7bbc9b934d5a7f2f2b"
  integrity sha512-TnZVTFdiSQD4MQUV+HJah85Ey9nFPfh9B8R7Cbw4t0cDL8MVOydETZLrkXNK4EzruML3jNh8jfBBJjnMSgCCMw==
